
Microsoft Visual Studio Solution File, Format Version 12.00
# Visual Studio Version 16
VisualStudioVersion = 16.0.31129.286
MinimumVisualStudioVersion = 10.0.40219.1
Project("{FAE04EC0-301F-11D3-BF4B-00C04F79EFBC}") = "Tp_Procedure", "Tp_Procedure\Tp_Procedure.csproj", "{58066491-97D2-4690-ABD9-8FDEC980B236}"
EndProject
Global
	GlobalSection(SolutionConfigurationPlatforms) = preSolution
		Debug|Any CPU = Debug|Any CPU
		Release|Any CPU = Release|Any CPU
	EndGlobalSection
	GlobalSection(ProjectConfigurationPlatforms) = postSolution
		{58066491-97D2-4690-ABD9-8FDEC980B236}.Debug|Any CPU.ActiveCfg = Debug|Any CPU
		{58066491-97D2-4690-ABD9-8FDEC980B236}.Debug|Any CPU.Build.0 = Debug|Any CPU
		{58066491-97D2-4690-ABD9-8FDEC980B236}.Release|Any CPU.ActiveCfg = Release|Any CPU
		{58066491-97D2-4690-ABD9-8FDEC980B236}.Release|Any CPU.Build.0 = Release|Any CPU
	EndGlobalSection
	GlobalSection(SolutionProperties) = preSolution
		HideSolutionNode = FALSE
	EndGlobalSection
	GlobalSection(ExtensibilityGlobals) = postSolution
		SolutionGuid = {6F63D620-52E4-4FC8-909F-5CBAD35898DF}
	EndGlobalSection
EndGlobal
